
Microsoft Visual Studio Solution File, Format Version 12.00
# Visual Studio Version 17
VisualStudioVersion = 17.1.32407.343
MinimumVisualStudioVersion = 10.0.40219.1
Project("{FAE04EC0-301F-11D3-BF4B-00C04F79EFBC}") = "InspectorLib", "InspectorLib\InspectorLib.csproj", "{040D311A-B8AC-4931-89F3-9BFDDEE7C47F}"
EndProject
Global
	GlobalSection(SolutionConfigurationPlatforms) = preSolution
		Debug|Any CPU = Debug|Any CPU
		Release|Any CPU = Release|Any CPU
	EndGlobalSection
	GlobalSection(ProjectConfigurationPlatforms) = postSolution
		{040D311A-B8AC-4931-89F3-9BFDDEE7C47F}.Debug|Any CPU.ActiveCfg = Debug|Any CPU
		{040D311A-B8AC-4931-89F3-9BFDDEE7C47F}.Debug|Any CPU.Build.0 = Debug|Any CPU
		{040D311A-B8AC-4931-89F3-9BFDDEE7C47F}.Release|Any CPU.ActiveCfg = Release|Any CPU
		{040D311A-B8AC-4931-89F3-9BFDDEE7C47F}.Release|Any CPU.Build.0 = Release|Any CPU
	EndGlobalSection
	GlobalSection(SolutionProperties) = preSolution
		HideSolutionNode = FALSE
	EndGlobalSection
	GlobalSection(ExtensibilityGlobals) = postSolution
		SolutionGuid = {36830E95-2309-44CD-8E8C-42F42E366C30}
	EndGlobalSection
EndGlobal
